
Microsoft Visual Studio Solution File, Format Version 12.00
#
Project("{FAE04EC0-301F-11D3-BF4B-00C04F79EFBC}") = "EasyAbp.Abp.DataDictionary.Domain.Shared", "src\EasyAbp.Abp.DataDictionary.Domain.Shared\EasyAbp.Abp.DataDictionary.Domain.Shared.csproj", "{2C37B1A9-D5B3-4027-B00A-B5425697CB47}"
EndProject
Project("{2150E333-8FDC-42A3-9474-1A3956D46DE8}") = "src", "src", "{38DA856A-5CF2-4F53-ABFE-1B11F3FBECB7}"
EndProject
Project("{2150E333-8FDC-42A3-9474-1A3956D46DE8}") = "tests", "tests", "{64F4383A-584D-4979-A210-48FC240B60D6}"
EndProject
Project("{FAE04EC0-301F-11D3-BF4B-00C04F79EFBC}") = "EasyAbp.Abp.DataDictionary.Domain", "src\EasyAbp.Abp.DataDictionary.Domain\EasyAbp.Abp.DataDictionary.Domain.csproj", "{9A35BBBA-0F6E-4906-A5DB-EAE0A4422E9D}"
EndProject
Project("{2150E333-8FDC-42A3-9474-1A3956D46DE8}") = "domain", "domain", "{FA8CD9CF-A531-40F7-A22F-DACAD4BE6A78}"
EndProject
Project("{FAE04EC0-301F-11D3-BF4B-00C04F79EFBC}") = "EasyAbp.Abp.DataDictionary.EntityFrameworkCore", "src\EasyAbp.Abp.DataDictionary.EntityFrameworkCore\EasyAbp.Abp.DataDictionary.EntityFrameworkCore.csproj", "{F0AE1BCD-5292-440E-8BC1-6D068E306C7D}"
EndProject
Project("{2150E333-8FDC-42A3-9474-1A3956D46DE8}") = "application", "application", "{C2717967-3EB9-430C-BBCA-9E3F4BD0949A}"
EndProject
Project("{FAE04EC0-301F-11D3-BF4B-00C04F79EFBC}") = "EasyAbp.Abp.DataDictionary.Application", "src\EasyAbp.Abp.DataDictionary.Application\EasyAbp.Abp.DataDictionary.Application.csproj", "{556FF965-7225-46C5-9FF0-F47FDD51EE2E}"
EndProject
Project("{FAE04EC0-301F-11D3-BF4B-00C04F79EFBC}") = "EasyAbp.Abp.DataDictionary.Application.Contracts", "src\EasyAbp.Abp.DataDictionary.Application.Contracts\EasyAbp.Abp.DataDictionary.Application.Contracts.csproj", "{4BA4CED3-F101-4CA8-9563-846300B3CEF5}"
EndProject
Project("{FAE04EC0-301F-11D3-BF4B-00C04F79EFBC}") = "EasyAbp.Abp.DataDictionary.Application.Contracts.Shared", "src\EasyAbp.Abp.DataDictionary.Application.Contracts.Shared\EasyAbp.Abp.DataDictionary.Application.Contracts.Shared.csproj", "{4CC0C2F1-D634-4B66-9615-99945FDFD630}"
EndProject
Project("{2150E333-8FDC-42A3-9474-1A3956D46DE8}") = "mvc", "mvc", "{9B3C3EB9-9449-4374-9763-C546D1DC5F76}"
EndProject
Project("{FAE04EC0-301F-11D3-BF4B-00C04F79EFBC}") = "EasyAbp.Abp.DataDictionary.HttpApi", "src\EasyAbp.Abp.DataDictionary.HttpApi\EasyAbp.Abp.DataDictionary.HttpApi.csproj", "{8F765DF8-3DD1-4044-B306-9700A1799F36}"
EndProject
Project("{FAE04EC0-301F-11D3-BF4B-00C04F79EFBC}") = "EasyAbp.Abp.DataDictionary.HttpApi.Client", "src\EasyAbp.Abp.DataDictionary.HttpApi.Client\EasyAbp.Abp.DataDictionary.HttpApi.Client.csproj", "{55296A20-226D-4D54-8881-E7D7B20D720F}"
EndProject
Project("{FAE04EC0-301F-11D3-BF4B-00C04F79EFBC}") = "EasyAbp.Abp.DataDictionary.TestBase", "tests\EasyAbp.Abp.DataDictionary.TestBase\EasyAbp.Abp.DataDictionary.TestBase.csproj", "{44C9BCE1-9931-401E-B8BE-06DCA38283BB}"
EndProject
Project("{FAE04EC0-301F-11D3-BF4B-00C04F79EFBC}") = "EasyAbp.Abp.DataDictionary.EntityFrameworkCore.Tests", "tests\EasyAbp.Abp.DataDictionary.EntityFrameworkCore.Tests\EasyAbp.Abp.DataDictionary.EntityFrameworkCore.Tests.csproj", "{E8D32D68-DB9B-46A4-B8AD-5728F5E7D961}"
EndProject
Project("{FAE04EC0-301F-11D3-BF4B-00C04F79EFBC}") = "EasyAbp.Abp.DataDictionary.Domain.Tests", "tests\EasyAbp.Abp.DataDictionary.Domain.Tests\EasyAbp.Abp.DataDictionary.Domain.Tests.csproj", "{F7E586B1-5750-45C8-B195-4F2AC39B566F}"
EndProject
Project("{FAE04EC0-301F-11D3-BF4B-00C04F79EFBC}") = "EasyAbp.Abp.DataDictionary.Application.Tests", "tests\EasyAbp.Abp.DataDictionary.Application.Tests\EasyAbp.Abp.DataDictionary.Application.Tests.csproj", "{6E21A791-053F-4688-9C0B-A87C8224A476}"
EndProject
Project("{2150E333-8FDC-42A3-9474-1A3956D46DE8}") = "samples", "samples", "{F9AEF48B-12B0-4E04-B949-34861C366531}"
EndProject
Project("{2150E333-8FDC-42A3-9474-1A3956D46DE8}") = "src", "src", "{66D7479C-0127-4C77-82A5-82812B9B0B41}"
EndProject
Project("{FAE04EC0-301F-11D3-BF4B-00C04F79EFBC}") = "DataDictionary.Sample.Application", "samples\src\DataDictionary.Sample.Application\DataDictionary.Sample.Application.csproj", "{FD4839B2-644A-466C-858E-5BD9FDE53100}"
EndProject
Project("{FAE04EC0-301F-11D3-BF4B-00C04F79EFBC}") = "DataDictionary.Sample.Application.Contracts", "samples\src\DataDictionary.Sample.Application.Contracts\DataDictionary.Sample.Application.Contracts.csproj", "{8E42C6DD-AF2D-4B0E-8859-B66F53827CFF}"
EndProject
Project("{FAE04EC0-301F-11D3-BF4B-00C04F79EFBC}") = "DataDictionary.Sample.DbMigrator", "samples\src\DataDictionary.Sample.DbMigrator\DataDictionary.Sample.DbMigrator.csproj", "{C04AC323-E2E9-4CD7-9BBC-98365FE5876D}"
EndProject
Project("{FAE04EC0-301F-11D3-BF4B-00C04F79EFBC}") = "DataDictionary.Sample.Domain", "samples\src\DataDictionary.Sample.Domain\DataDictionary.Sample.Domain.csproj", "{70AA940F-16E3-4771-A3AC-6AA21D38C2C3}"
EndProject
Project("{FAE04EC0-301F-11D3-BF4B-00C04F79EFBC}") = "DataDictionary.Sample.Domain.Shared", "samples\src\DataDictionary.Sample.Domain.Shared\DataDictionary.Sample.Domain.Shared.csproj", "{C48BE6E8-BA92-4B33-A6E7-3D2E443DFCE2}"
EndProject
Project("{FAE04EC0-301F-11D3-BF4B-00C04F79EFBC}") = "DataDictionary.Sample.EntityFrameworkCore", "samples\src\DataDictionary.Sample.EntityFrameworkCore\DataDictionary.Sample.EntityFrameworkCore.csproj", "{8B932609-6BD4-4281-AF83-C37A9C2E0642}"
EndProject
Project("{FAE04EC0-301F-11D3-BF4B-00C04F79EFBC}") = "DataDictionary.Sample.HttpApi", "samples\src\DataDictionary.Sample.HttpApi\DataDictionary.Sample.HttpApi.csproj", "{8ED82E97-32F6-428F-AE65-08C8F34737D5}"
EndProject
Project("{FAE04EC0-301F-11D3-BF4B-00C04F79EFBC}") = "DataDictionary.Sample.HttpApi.Client", "samples\src\DataDictionary.Sample.HttpApi.Client\DataDictionary.Sample.HttpApi.Client.csproj", "{1931181A-4526-4E1E-9597-0E57F89B5262}"
EndProject
Project("{FAE04EC0-301F-11D3-BF4B-00C04F79EFBC}") = "DataDictionary.Sample.Web", "samples\src\DataDictionary.Sample.Web\DataDictionary.Sample.Web.csproj", "{AF8133A6-B334-4D80-AF6F-63D84E8474DB}"
EndProject
Project("{2150E333-8FDC-42A3-9474-1A3956D46DE8}") = "test", "test", "{5ABD301B-8535-4653-A555-858DF776FDE0}"
EndProject
Project("{FAE04EC0-301F-11D3-BF4B-00C04F79EFBC}") = "DataDictionary.Sample.Application.Tests", "samples\test\DataDictionary.Sample.Application.Tests\DataDictionary.Sample.Application.Tests.csproj", "{C061CC5F-CE78-4181-8896-CEF60FBF3A50}"
EndProject
Project("{FAE04EC0-301F-11D3-BF4B-00C04F79EFBC}") = "DataDictionary.Sample.Domain.Tests", "samples\test\DataDictionary.Sample.Domain.Tests\DataDictionary.Sample.Domain.Tests.csproj", "{026552DC-E230-479E-B481-F634F30C2B92}"
EndProject
Project("{FAE04EC0-301F-11D3-BF4B-00C04F79EFBC}") = "DataDictionary.Sample.EntityFrameworkCore.Tests", "samples\test\DataDictionary.Sample.EntityFrameworkCore.Tests\DataDictionary.Sample.EntityFrameworkCore.Tests.csproj", "{FEDD9D2F-7EB5-4725-9938-6F145B094566}"
EndProject
Project("{FAE04EC0-301F-11D3-BF4B-00C04F79EFBC}") = "DataDictionary.Sample.HttpApi.Client.ConsoleTestApp", "samples\test\DataDictionary.Sample.HttpApi.Client.ConsoleTestApp\DataDictionary.Sample.HttpApi.Client.ConsoleTestApp.csproj", "{AF634BD1-5880-473B-B314-111A3C7FEC82}"
EndProject
Project("{FAE04EC0-301F-11D3-BF4B-00C04F79EFBC}") = "DataDictionary.Sample.TestBase", "samples\test\DataDictionary.Sample.TestBase\DataDictionary.Sample.TestBase.csproj", "{D539EC1D-55D4-4F78-9B1F-3E476EB8A5FF}"
EndProject
Project("{FAE04EC0-301F-11D3-BF4B-00C04F79EFBC}") = "DataDictionary.Sample.Web.Tests", "samples\test\DataDictionary.Sample.Web.Tests\DataDictionary.Sample.Web.Tests.csproj", "{965CB6BF-E7F5-4847-B9DE-7A3D986F71D6}"
EndProject
Global
	GlobalSection(SolutionConfigurationPlatforms) = preSolution
		Debug|Any CPU = Debug|Any CPU
		Release|Any CPU = Release|Any CPU
	EndGlobalSection
	GlobalSection(ProjectConfigurationPlatforms) = postSolution
		{2C37B1A9-D5B3-4027-B00A-B5425697CB47}.Debug|Any CPU.ActiveCfg = Debug|Any CPU
		{2C37B1A9-D5B3-4027-B00A-B5425697CB47}.Debug|Any CPU.Build.0 = Debug|Any CPU
		{2C37B1A9-D5B3-4027-B00A-B5425697CB47}.Release|Any CPU.ActiveCfg = Release|Any CPU
		{2C37B1A9-D5B3-4027-B00A-B5425697CB47}.Release|Any CPU.Build.0 = Release|Any CPU
		{9A35BBBA-0F6E-4906-A5DB-EAE0A4422E9D}.Debug|Any CPU.ActiveCfg = Debug|Any CPU
		{9A35BBBA-0F6E-4906-A5DB-EAE0A4422E9D}.Debug|Any CPU.Build.0 = Debug|Any CPU
		{9A35BBBA-0F6E-4906-A5DB-EAE0A4422E9D}.Release|Any CPU.ActiveCfg = Release|Any CPU
		{9A35BBBA-0F6E-4906-A5DB-EAE0A4422E9D}.Release|Any CPU.Build.0 = Release|Any CPU
		{F0AE1BCD-5292-440E-8BC1-6D068E306C7D}.Debug|Any CPU.ActiveCfg = Debug|Any CPU
		{F0AE1BCD-5292-440E-8BC1-6D068E306C7D}.Debug|Any CPU.Build.0 = Debug|Any CPU
		{F0AE1BCD-5292-440E-8BC1-6D068E306C7D}.Release|Any CPU.ActiveCfg = Release|Any CPU
		{F0AE1BCD-5292-440E-8BC1-6D068E306C7D}.Release|Any CPU.Build.0 = Release|Any CPU
		{556FF965-7225-46C5-9FF0-F47FDD51EE2E}.Debug|Any CPU.ActiveCfg = Debug|Any CPU
		{556FF965-7225-46C5-9FF0-F47FDD51EE2E}.Debug|Any CPU.Build.0 = Debug|Any CPU
		{556FF965-7225-46C5-9FF0-F47FDD51EE2E}.Release|Any CPU.ActiveCfg = Release|Any CPU
		{556FF965-7225-46C5-9FF0-F47FDD51EE2E}.Release|Any CPU.Build.0 = Release|Any CPU
		{4BA4CED3-F101-4CA8-9563-846300B3CEF5}.Debug|Any CPU.ActiveCfg = Debug|Any CPU
		{4BA4CED3-F101-4CA8-9563-846300B3CEF5}.Debug|Any CPU.Build.0 = Debug|Any CPU
		{4BA4CED3-F101-4CA8-9563-846300B3CEF5}.Release|Any CPU.ActiveCfg = Release|Any CPU
		{4BA4CED3-F101-4CA8-9563-846300B3CEF5}.Release|Any CPU.Build.0 = Release|Any CPU
		{4CC0C2F1-D634-4B66-9615-99945FDFD630}.Debug|Any CPU.ActiveCfg = Debug|Any CPU
		{4CC0C2F1-D634-4B66-9615-99945FDFD630}.Debug|Any CPU.Build.0 = Debug|Any CPU
		{4CC0C2F1-D634-4B66-9615-99945FDFD630}.Release|Any CPU.ActiveCfg = Release|Any CPU
		{4CC0C2F1-D634-4B66-9615-99945FDFD630}.Release|Any CPU.Build.0 = Release|Any CPU
		{8F765DF8-3DD1-4044-B306-9700A1799F36}.Debug|Any CPU.ActiveCfg = Debug|Any CPU
		{8F765DF8-3DD1-4044-B306-9700A1799F36}.Debug|Any CPU.Build.0 = Debug|Any CPU
		{8F765DF8-3DD1-4044-B306-9700A1799F36}.Release|Any CPU.ActiveCfg = Release|Any CPU
		{8F765DF8-3DD1-4044-B306-9700A1799F36}.Release|Any CPU.Build.0 = Release|Any CPU
		{55296A20-226D-4D54-8881-E7D7B20D720F}.Debug|Any CPU.ActiveCfg = Debug|Any CPU
		{55296A20-226D-4D54-8881-E7D7B20D720F}.Debug|Any CPU.Build.0 = Debug|Any CPU
		{55296A20-226D-4D54-8881-E7D7B20D720F}.Release|Any CPU.ActiveCfg = Release|Any CPU
		{55296A20-226D-4D54-8881-E7D7B20D720F}.Release|Any CPU.Build.0 = Release|Any CPU
		{44C9BCE1-9931-401E-B8BE-06DCA38283BB}.Debug|Any CPU.ActiveCfg = Debug|Any CPU
		{44C9BCE1-9931-401E-B8BE-06DCA38283BB}.Debug|Any CPU.Build.0 = Debug|Any CPU
		{44C9BCE1-9931-401E-B8BE-06DCA38283BB}.Release|Any CPU.ActiveCfg = Release|Any CPU
		{44C9BCE1-9931-401E-B8BE-06DCA38283BB}.Release|Any CPU.Build.0 = Release|Any CPU
		{E8D32D68-DB9B-46A4-B8AD-5728F5E7D961}.Debug|Any CPU.ActiveCfg = Debug|Any CPU
		{E8D32D68-DB9B-46A4-B8AD-5728F5E7D961}.Debug|Any CPU.Build.0 = Debug|Any CPU
		{E8D32D68-DB9B-46A4-B8AD-5728F5E7D961}.Release|Any CPU.ActiveCfg = Release|Any CPU
		{E8D32D68-DB9B-46A4-B8AD-5728F5E7D961}.Release|Any CPU.Build.0 = Release|Any CPU
		{F7E586B1-5750-45C8-B195-4F2AC39B566F}.Debug|Any CPU.ActiveCfg = Debug|Any CPU
		{F7E586B1-5750-45C8-B195-4F2AC39B566F}.Debug|Any CPU.Build.0 = Debug|Any CPU
		{F7E586B1-5750-45C8-B195-4F2AC39B566F}.Release|Any CPU.ActiveCfg = Release|Any CPU
		{F7E586B1-5750-45C8-B195-4F2AC39B566F}.Release|Any CPU.Build.0 = Release|Any CPU
		{6E21A791-053F-4688-9C0B-A87C8224A476}.Debug|Any CPU.ActiveCfg = Debug|Any CPU
		{6E21A791-053F-4688-9C0B-A87C8224A476}.Debug|Any CPU.Build.0 = Debug|Any CPU
		{6E21A791-053F-4688-9C0B-A87C8224A476}.Release|Any CPU.ActiveCfg = Release|Any CPU
		{6E21A791-053F-4688-9C0B-A87C8224A476}.Release|Any CPU.Build.0 = Release|Any CPU
		{FD4839B2-644A-466C-858E-5BD9FDE53100}.Debug|Any CPU.ActiveCfg = Debug|Any CPU
		{FD4839B2-644A-466C-858E-5BD9FDE53100}.Debug|Any CPU.Build.0 = Debug|Any CPU
		{FD4839B2-644A-466C-858E-5BD9FDE53100}.Release|Any CPU.ActiveCfg = Release|Any CPU
		{FD4839B2-644A-466C-858E-5BD9FDE53100}.Release|Any CPU.Build.0 = Release|Any CPU
		{8E42C6DD-AF2D-4B0E-8859-B66F53827CFF}.Debug|Any CPU.ActiveCfg = Debug|Any CPU
		{8E42C6DD-AF2D-4B0E-8859-B66F53827CFF}.Debug|Any CPU.Build.0 = Debug|Any CPU
		{8E42C6DD-AF2D-4B0E-8859-B66F53827CFF}.Release|Any CPU.ActiveCfg = Release|Any CPU
		{8E42C6DD-AF2D-4B0E-8859-B66F53827CFF}.Release|Any CPU.Build.0 = Release|Any CPU
		{C04AC323-E2E9-4CD7-9BBC-98365FE5876D}.Debug|Any CPU.ActiveCfg = Debug|Any CPU
		{C04AC323-E2E9-4CD7-9BBC-98365FE5876D}.Debug|Any CPU.Build.0 = Debug|Any CPU
		{C04AC323-E2E9-4CD7-9BBC-98365FE5876D}.Release|Any CPU.ActiveCfg = Release|Any CPU
		{C04AC323-E2E9-4CD7-9BBC-98365FE5876D}.Release|Any CPU.Build.0 = Release|Any CPU
		{70AA940F-16E3-4771-A3AC-6AA21D38C2C3}.Debug|Any CPU.ActiveCfg = Debug|Any CPU
		{70AA940F-16E3-4771-A3AC-6AA21D38C2C3}.Debug|Any CPU.Build.0 = Debug|Any CPU
		{70AA940F-16E3-4771-A3AC-6AA21D38C2C3}.Release|Any CPU.ActiveCfg = Release|Any CPU
		{70AA940F-16E3-4771-A3AC-6AA21D38C2C3}.Release|Any CPU.Build.0 = Release|Any CPU
		{C48BE6E8-BA92-4B33-A6E7-3D2E443DFCE2}.Debug|Any CPU.ActiveCfg = Debug|Any CPU
		{C48BE6E8-BA92-4B33-A6E7-3D2E443DFCE2}.Debug|Any CPU.Build.0 = Debug|Any CPU
		{C48BE6E8-BA92-4B33-A6E7-3D2E443DFCE2}.Release|Any CPU.ActiveCfg = Release|Any CPU
		{C48BE6E8-BA92-4B33-A6E7-3D2E443DFCE2}.Release|Any CPU.Build.0 = Release|Any CPU
		{8B932609-6BD4-4281-AF83-C37A9C2E0642}.Debug|Any CPU.ActiveCfg = Debug|Any CPU
		{8B932609-6BD4-4281-AF83-C37A9C2E0642}.Debug|Any CPU.Build.0 = Debug|Any CPU
		{8B932609-6BD4-4281-AF83-C37A9C2E0642}.Release|Any CPU.ActiveCfg = Release|Any CPU
		{8B932609-6BD4-4281-AF83-C37A9C2E0642}.Release|Any CPU.Build.0 = Release|Any CPU
		{8ED82E97-32F6-428F-AE65-08C8F34737D5}.Debug|Any CPU.ActiveCfg = Debug|Any CPU
		{8ED82E97-32F6-428F-AE65-08C8F34737D5}.Debug|Any CPU.Build.0 = Debug|Any CPU
		{8ED82E97-32F6-428F-AE65-08C8F34737D5}.Release|Any CPU.ActiveCfg = Release|Any CPU
		{8ED82E97-32F6-428F-AE65-08C8F34737D5}.Release|Any CPU.Build.0 = Release|Any CPU
		{1931181A-4526-4E1E-9597-0E57F89B5262}.Debug|Any CPU.ActiveCfg = Debug|Any CPU
		{1931181A-4526-4E1E-9597-0E57F89B5262}.Debug|Any CPU.Build.0 = Debug|Any CPU
		{1931181A-4526-4E1E-9597-0E57F89B5262}.Release|Any CPU.ActiveCfg = Release|Any CPU
		{1931181A-4526-4E1E-9597-0E57F89B5262}.Release|Any CPU.Build.0 = Release|Any CPU
		{AF8133A6-B334-4D80-AF6F-63D84E8474DB}.Debug|Any CPU.ActiveCfg = Debug|Any CPU
		{AF8133A6-B334-4D80-AF6F-63D84E8474DB}.Debug|Any CPU.Build.0 = Debug|Any CPU
		{AF8133A6-B334-4D80-AF6F-63D84E8474DB}.Release|Any CPU.ActiveCfg = Release|Any CPU
		{AF8133A6-B334-4D80-AF6F-63D84E8474DB}.Release|Any CPU.Build.0 = Release|Any CPU
		{C061CC5F-CE78-4181-8896-CEF60FBF3A50}.Debug|Any CPU.ActiveCfg = Debug|Any CPU
		{C061CC5F-CE78-4181-8896-CEF60FBF3A50}.Debug|Any CPU.Build.0 = Debug|Any CPU
		{C061CC5F-CE78-4181-8896-CEF60FBF3A50}.Release|Any CPU.ActiveCfg = Release|Any CPU
		{C061CC5F-CE78-4181-8896-CEF60FBF3A50}.Release|Any CPU.Build.0 = Release|Any CPU
		{026552DC-E230-479E-B481-F634F30C2B92}.Debug|Any CPU.ActiveCfg = Debug|Any CPU
		{026552DC-E230-479E-B481-F634F30C2B92}.Debug|Any CPU.Build.0 = Debug|Any CPU
		{026552DC-E230-479E-B481-F634F30C2B92}.Release|Any CPU.ActiveCfg = Release|Any CPU
		{026552DC-E230-479E-B481-F634F30C2B92}.Release|Any CPU.Build.0 = Release|Any CPU
		{FEDD9D2F-7EB5-4725-9938-6F145B094566}.Debug|Any CPU.ActiveCfg = Debug|Any CPU
		{FEDD9D2F-7EB5-4725-9938-6F145B094566}.Debug|Any CPU.Build.0 = Debug|Any CPU
		{FEDD9D2F-7EB5-4725-9938-6F145B094566}.Release|Any CPU.ActiveCfg = Release|Any CPU
		{FEDD9D2F-7EB5-4725-9938-6F145B094566}.Release|Any CPU.Build.0 = Release|Any CPU
		{AF634BD1-5880-473B-B314-111A3C7FEC82}.Debug|Any CPU.ActiveCfg = Debug|Any CPU
		{AF634BD1-5880-473B-B314-111A3C7FEC82}.Debug|Any CPU.Build.0 = Debug|Any CPU
		{AF634BD1-5880-473B-B314-111A3C7FEC82}.Release|Any CPU.ActiveCfg = Release|Any CPU
		{AF634BD1-5880-473B-B314-111A3C7FEC82}.Release|Any CPU.Build.0 = Release|Any CPU
		{D539EC1D-55D4-4F78-9B1F-3E476EB8A5FF}.Debug|Any CPU.ActiveCfg = Debug|Any CPU
		{D539EC1D-55D4-4F78-9B1F-3E476EB8A5FF}.Debug|Any CPU.Build.0 = Debug|Any CPU
		{D539EC1D-55D4-4F78-9B1F-3E476EB8A5FF}.Release|Any CPU.ActiveCfg = Release|Any CPU
		{D539EC1D-55D4-4F78-9B1F-3E476EB8A5FF}.Release|Any CPU.Build.0 = Release|Any CPU
		{965CB6BF-E7F5-4847-B9DE-7A3D986F71D6}.Debug|Any CPU.ActiveCfg = Debug|Any CPU
		{965CB6BF-E7F5-4847-B9DE-7A3D986F71D6}.Debug|Any CPU.Build.0 = Debug|Any CPU
		{965CB6BF-E7F5-4847-B9DE-7A3D986F71D6}.Release|Any CPU.ActiveCfg = Release|Any CPU
		{965CB6BF-E7F5-4847-B9DE-7A3D986F71D6}.Release|Any CPU.Build.0 = Release|Any CPU
	EndGlobalSection
	GlobalSection(NestedProjects) = preSolution
		{FA8CD9CF-A531-40F7-A22F-DACAD4BE6A78} = {38DA856A-5CF2-4F53-ABFE-1B11F3FBECB7}
		{9A35BBBA-0F6E-4906-A5DB-EAE0A4422E9D} = {FA8CD9CF-A531-40F7-A22F-DACAD4BE6A78}
		{2C37B1A9-D5B3-4027-B00A-B5425697CB47} = {FA8CD9CF-A531-40F7-A22F-DACAD4BE6A78}
		{F0AE1BCD-5292-440E-8BC1-6D068E306C7D} = {FA8CD9CF-A531-40F7-A22F-DACAD4BE6A78}
		{C2717967-3EB9-430C-BBCA-9E3F4BD0949A} = {38DA856A-5CF2-4F53-ABFE-1B11F3FBECB7}
		{556FF965-7225-46C5-9FF0-F47FDD51EE2E} = {C2717967-3EB9-430C-BBCA-9E3F4BD0949A}
		{4BA4CED3-F101-4CA8-9563-846300B3CEF5} = {C2717967-3EB9-430C-BBCA-9E3F4BD0949A}
		{4CC0C2F1-D634-4B66-9615-99945FDFD630} = {C2717967-3EB9-430C-BBCA-9E3F4BD0949A}
		{9B3C3EB9-9449-4374-9763-C546D1DC5F76} = {38DA856A-5CF2-4F53-ABFE-1B11F3FBECB7}
		{8F765DF8-3DD1-4044-B306-9700A1799F36} = {9B3C3EB9-9449-4374-9763-C546D1DC5F76}
		{55296A20-226D-4D54-8881-E7D7B20D720F} = {9B3C3EB9-9449-4374-9763-C546D1DC5F76}
		{44C9BCE1-9931-401E-B8BE-06DCA38283BB} = {64F4383A-584D-4979-A210-48FC240B60D6}
		{E8D32D68-DB9B-46A4-B8AD-5728F5E7D961} = {64F4383A-584D-4979-A210-48FC240B60D6}
		{F7E586B1-5750-45C8-B195-4F2AC39B566F} = {64F4383A-584D-4979-A210-48FC240B60D6}
		{6E21A791-053F-4688-9C0B-A87C8224A476} = {64F4383A-584D-4979-A210-48FC240B60D6}
		{66D7479C-0127-4C77-82A5-82812B9B0B41} = {F9AEF48B-12B0-4E04-B949-34861C366531}
		{FD4839B2-644A-466C-858E-5BD9FDE53100} = {66D7479C-0127-4C77-82A5-82812B9B0B41}
		{8E42C6DD-AF2D-4B0E-8859-B66F53827CFF} = {66D7479C-0127-4C77-82A5-82812B9B0B41}
		{C04AC323-E2E9-4CD7-9BBC-98365FE5876D} = {66D7479C-0127-4C77-82A5-82812B9B0B41}
		{70AA940F-16E3-4771-A3AC-6AA21D38C2C3} = {66D7479C-0127-4C77-82A5-82812B9B0B41}
		{C48BE6E8-BA92-4B33-A6E7-3D2E443DFCE2} = {66D7479C-0127-4C77-82A5-82812B9B0B41}
		{8B932609-6BD4-4281-AF83-C37A9C2E0642} = {66D7479C-0127-4C77-82A5-82812B9B0B41}
		{8ED82E97-32F6-428F-AE65-08C8F34737D5} = {66D7479C-0127-4C77-82A5-82812B9B0B41}
		{1931181A-4526-4E1E-9597-0E57F89B5262} = {66D7479C-0127-4C77-82A5-82812B9B0B41}
		{AF8133A6-B334-4D80-AF6F-63D84E8474DB} = {66D7479C-0127-4C77-82A5-82812B9B0B41}
		{5ABD301B-8535-4653-A555-858DF776FDE0} = {F9AEF48B-12B0-4E04-B949-34861C366531}
		{C061CC5F-CE78-4181-8896-CEF60FBF3A50} = {5ABD301B-8535-4653-A555-858DF776FDE0}
		{026552DC-E230-479E-B481-F634F30C2B92} = {5ABD301B-8535-4653-A555-858DF776FDE0}
		{FEDD9D2F-7EB5-4725-9938-6F145B094566} = {5ABD301B-8535-4653-A555-858DF776FDE0}
		{AF634BD1-5880-473B-B314-111A3C7FEC82} = {5ABD301B-8535-4653-A555-858DF776FDE0}
		{D539EC1D-55D4-4F78-9B1F-3E476EB8A5FF} = {5ABD301B-8535-4653-A555-858DF776FDE0}
		{965CB6BF-E7F5-4847-B9DE-7A3D986F71D6} = {5ABD301B-8535-4653-A555-858DF776FDE0}
	EndGlobalSection
EndGlobal
